
Microsoft Visual Studio Solution File, Format Version 12.00
# Visual Studio 2012
Project("{BE0A4C86-FC82-4F70-8ED6-D24C8B13E7BF}") = "ConsoleApplication1", "ConsoleApplication1.javaproj", "{AC126AF6-63C4-4176-8D8B-05E288969649}"
EndProject
Global
	GlobalSection(SolutionConfigurationPlatforms) = preSolution
		Debug|Any CPU = Debug|Any CPU
		Release|Any CPU = Release|Any CPU
	EndGlobalSection
	GlobalSection(ProjectConfigurationPlatforms) = postSolution
		{AC126AF6-63C4-4176-8D8B-05E288969649}.Debug|Any CPU.ActiveCfg = Debug|Any CPU
		{AC126AF6-63C4-4176-8D8B-05E288969649}.Debug|Any CPU.Build.0 = Debug|Any CPU
		{AC126AF6-63C4-4176-8D8B-05E288969649}.Release|Any CPU.ActiveCfg = Release|Any CPU
		{AC126AF6-63C4-4176-8D8B-05E288969649}.Release|Any CPU.Build.0 = Release|Any CPU
	EndGlobalSection
	GlobalSection(SolutionProperties) = preSolution
		HideSolutionNode = FALSE
	EndGlobalSection
EndGlobal
